// !$*UTF8*$!
{
	archiveVersion = 1;
	classes = {
	};
	objectVersion = 48;
	objects = {

/* Begin PBXBuildFile section */
		D72165B820049E1700E76DFF /* UIViewController+FSPageViewController.m in Sources */ = {isa = PBXBuildFile; fileRef = D72165B720049E1700E76DFF /* UIViewController+FSPageViewController.m */; };
		D72165BB2004B25100E76DFF /* NewSubViewController.m in Sources */ = {isa = PBXBuildFile; fileRef = D72165BA2004B25100E76DFF /* NewSubViewController.m */; };
		D73D5D5D200C72F50084B1F9 /* FSProgressView.m in Sources */ = {isa = PBXBuildFile; fileRef = D73D5D5C200C72F50084B1F9 /* FSProgressView.m */; };
		D75932FF200DE14F006FEF9C /* FSPageController.framework in Frameworks */ = {isa = PBXBuildFile; fileRef = D75932F6200DE14F006FEF9C /* FSPageController.framework */; };
		D7593306200DE14F006FEF9C /* FSPageControllerTests.m in Sources */ = {isa = PBXBuildFile; fileRef = D7593305200DE14F006FEF9C /* FSPageControllerTests.m */; };
		D7593308200DE14F006FEF9C /* FSPageController.h in Headers */ = {isa = PBXBuildFile; fileRef = D75932F8200DE14F006FEF9C /* FSPageController.h */; settings = {ATTRIBUTES = (Public, ); }; };
		D759330B200DE14F006FEF9C /* FSPageController.framework in Frameworks */ = {isa = PBXBuildFile; fileRef = D75932F6200DE14F006FEF9C /* FSPageController.framework */; };
		D759330C200DE14F006FEF9C /* FSPageController.framework in Embed Frameworks */ = {isa = PBXBuildFile; fileRef = D75932F6200DE14F006FEF9C /* FSPageController.framework */; settings = {ATTRIBUTES = (CodeSignOnCopy, RemoveHeadersOnCopy, ); }; };
		D7593314200DE19F006FEF9C /* FSHeaderLabel.h in Headers */ = {isa = PBXBuildFile; fileRef = D759DA9A1FFCB44200476E28 /* FSHeaderLabel.h */; };
		D7593315200DE19F006FEF9C /* FSTitleContentView.h in Headers */ = {isa = PBXBuildFile; fileRef = D76B89BD20087D7E0083F4F6 /* FSTitleContentView.h */; };
		D7593316200DE19F006FEF9C /* FSProgressView.h in Headers */ = {isa = PBXBuildFile; fileRef = D73D5D5B200C72F50084B1F9 /* FSProgressView.h */; };
		D7593317200DE19F006FEF9C /* UIView+FSFrame.h in Headers */ = {isa = PBXBuildFile; fileRef = D759DA9D1FFCB67800476E28 /* UIView+FSFrame.h */; };
		D7593318200DE1AB006FEF9C /* FSPageViewController.h in Headers */ = {isa = PBXBuildFile; fileRef = D759DAA31FFCCBE100476E28 /* FSPageViewController.h */; settings = {ATTRIBUTES = (Public, ); }; };
		D7593319200DE1AB006FEF9C /* UIViewController+FSPageViewController.h in Headers */ = {isa = PBXBuildFile; fileRef = D72165B620049E1700E76DFF /* UIViewController+FSPageViewController.h */; settings = {ATTRIBUTES = (Public, ); }; };
		D759DA691FFCB22E00476E28 /* AppDelegate.m in Sources */ = {isa = PBXBuildFile; fileRef = D759DA681FFCB22E00476E28 /* AppDelegate.m */; };
		D759DA6C1FFCB22E00476E28 /* ViewController.m in Sources */ = {isa = PBXBuildFile; fileRef = D759DA6B1FFCB22E00476E28 /* ViewController.m */; };
		D759DA6F1FFCB22E00476E28 /* Main.storyboard in Resources */ = {isa = PBXBuildFile; fileRef = D759DA6D1FFCB22E00476E28 /* Main.storyboard */; };
		D759DA711FFCB22E00476E28 /* Assets.xcassets in Resources */ = {isa = PBXBuildFile; fileRef = D759DA701FFCB22E00476E28 /* Assets.xcassets */; };
		D759DA741FFCB22E00476E28 /* LaunchScreen.storyboard in Resources */ = {isa = PBXBuildFile; fileRef = D759DA721FFCB22E00476E28 /* LaunchScreen.storyboard */; };
		D759DA771FFCB22E00476E28 /* main.m in Sources */ = {isa = PBXBuildFile; fileRef = D759DA761FFCB22E00476E28 /* main.m */; };
		D759DA811FFCB22E00476E28 /* FSPageControllerExampleTests.m in Sources */ = {isa = PBXBuildFile; fileRef = D759DA801FFCB22E00476E28 /* FSPageControllerExampleTests.m */; };
		D759DA8C1FFCB22E00476E28 /* FSPageControllerExampleUITests.m in Sources */ = {isa = PBXBuildFile; fileRef = D759DA8B1FFCB22E00476E28 /* FSPageControllerExampleUITests.m */; };
		D759DA9C1FFCB44200476E28 /* FSHeaderLabel.m in Sources */ = {isa = PBXBuildFile; fileRef = D759DA9B1FFCB44200476E28 /* FSHeaderLabel.m */; };
		D759DA9F1FFCB67800476E28 /* UIView+FSFrame.m in Sources */ = {isa = PBXBuildFile; fileRef = D759DA9E1FFCB67800476E28 /* UIView+FSFrame.m */; };
		D759DAA51FFCCBE100476E28 /* FSPageViewController.m in Sources */ = {isa = PBXBuildFile; fileRef = D759DAA41FFCCBE100476E28 /* FSPageViewController.m */; };
		D759DAAB1FFCDCFE00476E28 /* SubViewController.m in Sources */ = {isa = PBXBuildFile; fileRef = D759DAAA1FFCDCFE00476E28 /* SubViewController.m */; };
		D75ACA902006102800BFB81D /* CollectionViewController.m in Sources */ = {isa = PBXBuildFile; fileRef = D75ACA8F2006102800BFB81D /* CollectionViewController.m */; };
		D75ACA93200613BE00BFB81D /* TableViewController.m in Sources */ = {isa = PBXBuildFile; fileRef = D75ACA92200613BE00BFB81D /* TableViewController.m */; };
		D75ACA952006144600BFB81D /* EmoticonQQ.bundle in Resources */ = {isa = PBXBuildFile; fileRef = D75ACA942006144200BFB81D /* EmoticonQQ.bundle */; };
		D76B89BF20087D7E0083F4F6 /* FSTitleContentView.m in Sources */ = {isa = PBXBuildFile; fileRef = D76B89BE20087D7E0083F4F6 /* FSTitleContentView.m */; };
		D788757F1FFDF75A001E8430 /* TabViewController.m in Sources */ = {isa = PBXBuildFile; fileRef = D788757E1FFDF75A001E8430 /* TabViewController.m */; };
		D78875821FFE0124001E8430 /* NormalViewController.m in Sources */ = {isa = PBXBuildFile; fileRef = D78875811FFE0124001E8430 /* NormalViewController.m */; };
/* End PBXBuildFile section */

/* Begin PBXContainerItemProxy section */
		D7593300200DE14F006FEF9C /* PBXContainerItemProxy */ = {
			isa = PBXContainerItemProxy;
			containerPortal = D759DA5C1FFCB22D00476E28 /* Project object */;
			proxyType = 1;
			remoteGlobalIDString = D75932F5200DE14F006FEF9C;
			remoteInfo = FSPageController;
		};
		D7593302200DE14F006FEF9C /* PBXContainerItemProxy */ = {
			isa = PBXContainerItemProxy;
			containerPortal = D759DA5C1FFCB22D00476E28 /* Project object */;
			proxyType = 1;
			remoteGlobalIDString = D759DA631FFCB22E00476E28;
			remoteInfo = FSPageControllerExample;
		};
		D7593309200DE14F006FEF9C /* PBXContainerItemProxy */ = {
			isa = PBXContainerItemProxy;
			containerPortal = D759DA5C1FFCB22D00476E28 /* Project object */;
			proxyType = 1;
			remoteGlobalIDString = D75932F5200DE14F006FEF9C;
			remoteInfo = FSPageController;
		};
		D759DA7D1FFCB22E00476E28 /* PBXContainerItemProxy */ = {
			isa = PBXContainerItemProxy;
			containerPortal = D759DA5C1FFCB22D00476E28 /* Project object */;
			proxyType = 1;
			remoteGlobalIDString = D759DA631FFCB22E00476E28;
			remoteInfo = FSPageControllerExample;
		};
		D759DA881FFCB22E00476E28 /* PBXContainerItemProxy */ = {
			isa = PBXContainerItemProxy;
			containerPortal = D759DA5C1FFCB22D00476E28 /* Project object */;
			proxyType = 1;
			remoteGlobalIDString = D759DA631FFCB22E00476E28;
			remoteInfo = FSPageControllerExample;
		};
/* End PBXContainerItemProxy section */

/* Begin PBXCopyFilesBuildPhase section */
		D7593312200DE14F006FEF9C /* Embed Frameworks */ = {
			isa = PBXCopyFilesBuildPhase;
			buildActionMask = 2147483647;
			dstPath = "";
			dstSubfolderSpec = 10;
			files = (
				D759330C200DE14F006FEF9C /* FSPageController.framework in Embed Frameworks */,
			);
			name = "Embed Frameworks";
			runOnlyForDeploymentPostprocessing = 0;
		};
/* End PBXCopyFilesBuildPhase section */

/* Begin PBXFileReference section */
		D72165B620049E1700E76DFF /* UIViewController+FSPageViewController.h */ = {isa = PBXFileReference; lastKnownFileType = sourcecode.c.h; path = "UIViewController+FSPageViewController.h"; sourceTree = "<group>"; };
		D72165B720049E1700E76DFF /* UIViewController+FSPageViewController.m */ = {isa = PBXFileReference; lastKnownFileType = sourcecode.c.objc; path = "UIViewController+FSPageViewController.m"; sourceTree = "<group>"; };
		D72165B92004B25100E76DFF /* NewSubViewController.h */ = {isa = PBXFileReference; lastKnownFileType = sourcecode.c.h; path = NewSubViewController.h; sourceTree = "<group>"; };
		D72165BA2004B25100E76DFF /* NewSubViewController.m */ = {isa = PBXFileReference; lastKnownFileType = sourcecode.c.objc; path = NewSubViewController.m; sourceTree = "<group>"; };
		D73D5D5B200C72F50084B1F9 /* FSProgressView.h */ = {isa = PBXFileReference; lastKnownFileType = sourcecode.c.h; path = FSProgressView.h; sourceTree = "<group>"; };
		D73D5D5C200C72F50084B1F9 /* FSProgressView.m */ = {isa = PBXFileReference; lastKnownFileType = sourcecode.c.objc; path = FSProgressView.m; sourceTree = "<group>"; };
		D75932F6200DE14F006FEF9C /* FSPageController.framework */ = {isa = PBXFileReference; explicitFileType = wrapper.framework; includeInIndex = 0; path = FSPageController.framework; sourceTree = BUILT_PRODUCTS_DIR; };
		D75932F8200DE14F006FEF9C /* FSPageController.h */ = {isa = PBXFileReference; lastKnownFileType = sourcecode.c.h; path = FSPageController.h; sourceTree = "<group>"; };
		D75932F9200DE14F006FEF9C /* Info.plist */ = {isa = PBXFileReference; lastKnownFileType = text.plist.xml; path = Info.plist; sourceTree = "<group>"; };
		D75932FE200DE14F006FEF9C /* FSPageControllerTests.xctest */ = {isa = PBXFileReference; explicitFileType = wrapper.cfbundle; includeInIndex = 0; path = FSPageControllerTests.xctest; sourceTree = BUILT_PRODUCTS_DIR; };
		D7593305200DE14F006FEF9C /* FSPageControllerTests.m */ = {isa = PBXFileReference; lastKnownFileType = sourcecode.c.objc; path = FSPageControllerTests.m; sourceTree = "<group>"; };
		D7593307200DE14F006FEF9C /* Info.plist */ = {isa = PBXFileReference; lastKnownFileType = text.plist.xml; path = Info.plist; sourceTree = "<group>"; };
		D759DA641FFCB22E00476E28 /* FSPageControllerExample.app */ = {isa = PBXFileReference; explicitFileType = wrapper.application; includeInIndex = 0; path = FSPageControllerExample.app; sourceTree = BUILT_PRODUCTS_DIR; };
		D759DA671FFCB22E00476E28 /* AppDelegate.h */ = {isa = PBXFileReference; lastKnownFileType = sourcecode.c.h; path = AppDelegate.h; sourceTree = "<group>"; };
		D759DA681FFCB22E00476E28 /* AppDelegate.m */ = {isa = PBXFileReference; lastKnownFileType = sourcecode.c.objc; path = AppDelegate.m; sourceTree = "<group>"; };
		D759DA6A1FFCB22E00476E28 /* ViewController.h */ = {isa = PBXFileReference; lastKnownFileType = sourcecode.c.h; path = ViewController.h; sourceTree = "<group>"; };
		D759DA6B1FFCB22E00476E28 /* ViewController.m */ = {isa = PBXFileReference; lastKnownFileType = sourcecode.c.objc; path = ViewController.m; sourceTree = "<group>"; };
		D759DA6E1FFCB22E00476E28 /* Base */ = {isa = PBXFileReference; lastKnownFileType = file.storyboard; name = Base; path = Base.lproj/Main.storyboard; sourceTree = "<group>"; };
		D759DA701FFCB22E00476E28 /* Assets.xcassets */ = {isa = PBXFileReference; lastKnownFileType = folder.assetcatalog; path = Assets.xcassets; sourceTree = "<group>"; };
		D759DA731FFCB22E00476E28 /* Base */ = {isa = PBXFileReference; lastKnownFileType = file.storyboard; name = Base; path = Base.lproj/LaunchScreen.storyboard; sourceTree = "<group>"; };
		D759DA751FFCB22E00476E28 /* Info.plist */ = {isa = PBXFileReference; lastKnownFileType = text.plist.xml; path = Info.plist; sourceTree = "<group>"; };
		D759DA761FFCB22E00476E28 /* main.m */ = {isa = PBXFileReference; lastKnownFileType = sourcecode.c.objc; path = main.m; sourceTree = "<group>"; };
		D759DA7C1FFCB22E00476E28 /* FSPageControllerExampleTests.xctest */ = {isa = PBXFileReference; explicitFileType = wrapper.cfbundle; includeInIndex = 0; path = FSPageControllerExampleTests.xctest; sourceTree = BUILT_PRODUCTS_DIR; };
		D759DA801FFCB22E00476E28 /* FSPageControllerExampleTests.m */ = {isa = PBXFileReference; lastKnownFileType = sourcecode.c.objc; path = FSPageControllerExampleTests.m; sourceTree = "<group>"; };
		D759DA821FFCB22E00476E28 /* Info.plist */ = {isa = PBXFileReference; lastKnownFileType = text.plist.xml; path = Info.plist; sourceTree = "<group>"; };
		D759DA871FFCB22E00476E28 /* FSPageControllerExampleUITests.xctest */ = {isa = PBXFileReference; explicitFileType = wrapper.cfbundle; includeInIndex = 0; path = FSPageControllerExampleUITests.xctest; sourceTree = BUILT_PRODUCTS_DIR; };
		D759DA8B1FFCB22E00476E28 /* FSPageControllerExampleUITests.m */ = {isa = PBXFileReference; lastKnownFileType = sourcecode.c.objc; path = FSPageControllerExampleUITests.m; sourceTree = "<group>"; };
		D759DA8D1FFCB22E00476E28 /* Info.plist */ = {isa = PBXFileReference; lastKnownFileType = text.plist.xml; path = Info.plist; sourceTree = "<group>"; };
		D759DA9A1FFCB44200476E28 /* FSHeaderLabel.h */ = {isa = PBXFileReference; lastKnownFileType = sourcecode.c.h; path = FSHeaderLabel.h; sourceTree = "<group>"; };
		D759DA9B1FFCB44200476E28 /* FSHeaderLabel.m */ = {isa = PBXFileReference; lastKnownFileType = sourcecode.c.objc; path = FSHeaderLabel.m; sourceTree = "<group>"; };
		D759DA9D1FFCB67800476E28 /* UIView+FSFrame.h */ = {isa = PBXFileReference; lastKnownFileType = sourcecode.c.h; path = "UIView+FSFrame.h"; sourceTree = "<group>"; };
		D759DA9E1FFCB67800476E28 /* UIView+FSFrame.m */ = {isa = PBXFileReference; lastKnownFileType = sourcecode.c.objc; path = "UIView+FSFrame.m"; sourceTree = "<group>"; };
		D759DAA31FFCCBE100476E28 /* FSPageViewController.h */ = {isa = PBXFileReference; lastKnownFileType = sourcecode.c.h; path = FSPageViewController.h; sourceTree = "<group>"; };
		D759DAA41FFCCBE100476E28 /* FSPageViewController.m */ = {isa = PBXFileReference; lastKnownFileType = sourcecode.c.objc; path = FSPageViewController.m; sourceTree = "<group>"; };
		D759DAA91FFCDCFE00476E28 /* SubViewController.h */ = {isa = PBXFileReference; lastKnownFileType = sourcecode.c.h; path = SubViewController.h; sourceTree = "<group>"; };
		D759DAAA1FFCDCFE00476E28 /* SubViewController.m */ = {isa = PBXFileReference; lastKnownFileType = sourcecode.c.objc; path = SubViewController.m; sourceTree = "<group>"; };
		D75ACA8E2006102800BFB81D /* CollectionViewController.h */ = {isa = PBXFileReference; lastKnownFileType = sourcecode.c.h; path = CollectionViewController.h; sourceTree = "<group>"; };
		D75ACA8F2006102800BFB81D /* CollectionViewController.m */ = {isa = PBXFileReference; lastKnownFileType = sourcecode.c.objc; path = CollectionViewController.m; sourceTree = "<group>"; };
		D75ACA91200613BE00BFB81D /* TableViewController.h */ = {isa = PBXFileReference; lastKnownFileType = sourcecode.c.h; path = TableViewController.h; sourceTree = "<group>"; };
		D75ACA92200613BE00BFB81D /* TableViewController.m */ = {isa = PBXFileReference; lastKnownFileType = sourcecode.c.objc; path = TableViewController.m; sourceTree = "<group>"; };
		D75ACA942006144200BFB81D /* EmoticonQQ.bundle */ = {isa = PBXFileReference; lastKnownFileType = "wrapper.plug-in"; path = EmoticonQQ.bundle; sourceTree = "<group>"; };
		D76B89BD20087D7E0083F4F6 /* FSTitleContentView.h */ = {isa = PBXFileReference; lastKnownFileType = sourcecode.c.h; path = FSTitleContentView.h; sourceTree = "<group>"; };
		D76B89BE20087D7E0083F4F6 /* FSTitleContentView.m */ = {isa = PBXFileReference; lastKnownFileType = sourcecode.c.objc; path = FSTitleContentView.m; sourceTree = "<group>"; };
		D76B89C120088BEF0083F4F6 /* FSMacro.h */ = {isa = PBXFileReference; lastKnownFileType = sourcecode.c.h; path = FSMacro.h; sourceTree = "<group>"; };
		D788757D1FFDF75A001E8430 /* TabViewController.h */ = {isa = PBXFileReference; lastKnownFileType = sourcecode.c.h; path = TabViewController.h; sourceTree = "<group>"; };
		D788757E1FFDF75A001E8430 /* TabViewController.m */ = {isa = PBXFileReference; lastKnownFileType = sourcecode.c.objc; path = TabViewController.m; sourceTree = "<group>"; };
		D78875801FFE0124001E8430 /* NormalViewController.h */ = {isa = PBXFileReference; lastKnownFileType = sourcecode.c.h; path = NormalViewController.h; sourceTree = "<group>"; };
		D78875811FFE0124001E8430 /* NormalViewController.m */ = {isa = PBXFileReference; lastKnownFileType = sourcecode.c.objc; path = NormalViewController.m; sourceTree = "<group>"; };
/* End PBXFileReference section */

/* Begin PBXFrameworksBuildPhase section */
		D75932F2200DE14F006FEF9C /* Frameworks */ = {
			isa = PBXFrameworksBuildPhase;
			buildActionMask = 2147483647;
			files = (
			);
			runOnlyForDeploymentPostprocessing = 0;
		};
		D75932FB200DE14F006FEF9C /* Frameworks */ = {
			isa = PBXFrameworksBuildPhase;
			buildActionMask = 2147483647;
			files = (
				D75932FF200DE14F006FEF9C /* FSPageController.framework in Frameworks */,
			);
			runOnlyForDeploymentPostprocessing = 0;
		};
		D759DA611FFCB22E00476E28 /* Frameworks */ = {
			isa = PBXFrameworksBuildPhase;
			buildActionMask = 2147483647;
			files = (
				D759330B200DE14F006FEF9C /* FSPageController.framework in Frameworks */,
			);
			runOnlyForDeploymentPostprocessing = 0;
		};
		D759DA791FFCB22E00476E28 /* Frameworks */ = {
			isa = PBXFrameworksBuildPhase;
			buildActionMask = 2147483647;
			files = (
			);
			runOnlyForDeploymentPostprocessing = 0;
		};
		D759DA841FFCB22E00476E28 /* Frameworks */ = {
			isa = PBXFrameworksBuildPhase;
			buildActionMask = 2147483647;
			files = (
			);
			runOnlyForDeploymentPostprocessing = 0;
		};
/* End PBXFrameworksBuildPhase section */

/* Begin PBXGroup section */
		D75932F7200DE14F006FEF9C /* FSPageController */ = {
			isa = PBXGroup;
			children = (
				D75932F8200DE14F006FEF9C /* FSPageController.h */,
				D75932F9200DE14F006FEF9C /* Info.plist */,
			);
			path = FSPageController;
			sourceTree = "<group>";
		};
		D7593304200DE14F006FEF9C /* FSPageControllerTests */ = {
			isa = PBXGroup;
			children = (
				D7593305200DE14F006FEF9C /* FSPageControllerTests.m */,
				D7593307200DE14F006FEF9C /* Info.plist */,
			);
			path = FSPageControllerTests;
			sourceTree = "<group>";
		};
		D759DA5B1FFCB22D00476E28 = {
			isa = PBXGroup;
			children = (
				D759DA661FFCB22E00476E28 /* FSPageControllerExample */,
				D759DA7F1FFCB22E00476E28 /* FSPageControllerExampleTests */,
				D759DA8A1FFCB22E00476E28 /* FSPageControllerExampleUITests */,
				D75932F7200DE14F006FEF9C /* FSPageController */,
				D7593304200DE14F006FEF9C /* FSPageControllerTests */,
				D759DA651FFCB22E00476E28 /* Products */,
			);
			sourceTree = "<group>";
		};
		D759DA651FFCB22E00476E28 /* Products */ = {
			isa = PBXGroup;
			children = (
				D759DA641FFCB22E00476E28 /* FSPageControllerExample.app */,
				D759DA7C1FFCB22E00476E28 /* FSPageControllerExampleTests.xctest */,
				D759DA871FFCB22E00476E28 /* FSPageControllerExampleUITests.xctest */,
				D75932F6200DE14F006FEF9C /* FSPageController.framework */,
				D75932FE200DE14F006FEF9C /* FSPageControllerTests.xctest */,
			);
			name = Products;
			sourceTree = "<group>";
		};
		D759DA661FFCB22E00476E28 /* FSPageControllerExample */ = {
			isa = PBXGroup;
			children = (
				D759DA991FFCB24600476E28 /* FSPageController */,
				D759DA671FFCB22E00476E28 /* AppDelegate.h */,
				D759DA681FFCB22E00476E28 /* AppDelegate.m */,
				D759DA6A1FFCB22E00476E28 /* ViewController.h */,
				D759DA6B1FFCB22E00476E28 /* ViewController.m */,
				D788757D1FFDF75A001E8430 /* TabViewController.h */,
				D788757E1FFDF75A001E8430 /* TabViewController.m */,
				D78875801FFE0124001E8430 /* NormalViewController.h */,
				D78875811FFE0124001E8430 /* NormalViewController.m */,
				D759DAA91FFCDCFE00476E28 /* SubViewController.h */,
				D759DAAA1FFCDCFE00476E28 /* SubViewController.m */,
				D72165B92004B25100E76DFF /* NewSubViewController.h */,
				D72165BA2004B25100E76DFF /* NewSubViewController.m */,
				D75ACA91200613BE00BFB81D /* TableViewController.h */,
				D75ACA92200613BE00BFB81D /* TableViewController.m */,
				D75ACA8E2006102800BFB81D /* CollectionViewController.h */,
				D75ACA8F2006102800BFB81D /* CollectionViewController.m */,
				D75ACA942006144200BFB81D /* EmoticonQQ.bundle */,
				D759DA6D1FFCB22E00476E28 /* Main.storyboard */,
				D759DA701FFCB22E00476E28 /* Assets.xcassets */,
				D759DA721FFCB22E00476E28 /* LaunchScreen.storyboard */,
				D759DA751FFCB22E00476E28 /* Info.plist */,
				D759DA761FFCB22E00476E28 /* main.m */,
			);
			path = FSPageControllerExample;
			sourceTree = "<group>";
		};
		D759DA7F1FFCB22E00476E28 /* FSPageControllerExampleTests */ = {
			isa = PBXGroup;
			children = (
				D759DA801FFCB22E00476E28 /* FSPageControllerExampleTests.m */,
				D759DA821FFCB22E00476E28 /* Info.plist */,
			);
			path = FSPageControllerExampleTests;
			sourceTree = "<group>";
		};
		D759DA8A1FFCB22E00476E28 /* FSPageControllerExampleUITests */ = {
			isa = PBXGroup;
			children = (
				D759DA8B1FFCB22E00476E28 /* FSPageControllerExampleUITests.m */,
				D759DA8D1FFCB22E00476E28 /* Info.plist */,
			);
			path = FSPageControllerExampleUITests;
			sourceTree = "<group>";
		};
		D759DA991FFCB24600476E28 /* FSPageController */ = {
			isa = PBXGroup;
			children = (
				D759DA9A1FFCB44200476E28 /* FSHeaderLabel.h */,
				D759DA9B1FFCB44200476E28 /* FSHeaderLabel.m */,
				D76B89BD20087D7E0083F4F6 /* FSTitleContentView.h */,
				D76B89BE20087D7E0083F4F6 /* FSTitleContentView.m */,
				D73D5D5B200C72F50084B1F9 /* FSProgressView.h */,
				D73D5D5C200C72F50084B1F9 /* FSProgressView.m */,
				D759DA9D1FFCB67800476E28 /* UIView+FSFrame.h */,
				D759DA9E1FFCB67800476E28 /* UIView+FSFrame.m */,
				D759DAA31FFCCBE100476E28 /* FSPageViewController.h */,
				D759DAA41FFCCBE100476E28 /* FSPageViewController.m */,
				D72165B620049E1700E76DFF /* UIViewController+FSPageViewController.h */,
				D72165B720049E1700E76DFF /* UIViewController+FSPageViewController.m */,
				D76B89C120088BEF0083F4F6 /* FSMacro.h */,
			);
			path = FSPageController;
			sourceTree = "<group>";
		};
/* End PBXGroup section */

/* Begin PBXHeadersBuildPhase section */
		D75932F3200DE14F006FEF9C /* Headers */ = {
			isa = PBXHeadersBuildPhase;
			buildActionMask = 2147483647;
			files = (
				D7593308200DE14F006FEF9C /* FSPageController.h in Headers */,
				D7593318200DE1AB006FEF9C /* FSPageViewController.h in Headers */,
				D7593319200DE1AB006FEF9C /* UIViewController+FSPageViewController.h in Headers */,
				D7593314200DE19F006FEF9C /* FSHeaderLabel.h in Headers */,
				D7593315200DE19F006FEF9C /* FSTitleContentView.h in Headers */,
				D7593316200DE19F006FEF9C /* FSProgressView.h in Headers */,
				D7593317200DE19F006FEF9C /* UIView+FSFrame.h in Headers */,
			);
			runOnlyForDeploymentPostprocessing = 0;
		};
/* End PBXHeadersBuildPhase section */

/* Begin PBXNativeTarget section */
		D75932F5200DE14F006FEF9C /* FSPageController */ = {
			isa = PBXNativeTarget;
			buildConfigurationList = D7593311200DE14F006FEF9C /* Build configuration list for PBXNativeTarget "FSPageController" */;
			buildPhases = (
				D75932F1200DE14F006FEF9C /* Sources */,
				D75932F2200DE14F006FEF9C /* Frameworks */,
				D75932F3200DE14F006FEF9C /* Headers */,
				D75932F4200DE14F006FEF9C /* Resources */,
			);
			buildRules = (
			);
			dependencies = (
			);
			name = FSPageController;
			productName = FSPageController;
			productReference = D75932F6200DE14F006FEF9C /* FSPageController.framework */;
			productType = "com.apple.product-type.framework";
		};
		D75932FD200DE14F006FEF9C /* FSPageControllerTests */ = {
			isa = PBXNativeTarget;
			buildConfigurationList = D7593313200DE14F006FEF9C /* Build configuration list for PBXNativeTarget "FSPageControllerTests" */;
			buildPhases = (
				D75932FA200DE14F006FEF9C /* Sources */,
				D75932FB200DE14F006FEF9C /* Frameworks */,
				D75932FC200DE14F006FEF9C /* Resources */,
			);
			buildRules = (
			);
			dependencies = (
				D7593301200DE14F006FEF9C /* PBXTargetDependency */,
				D7593303200DE14F006FEF9C /* PBXTargetDependency */,
			);
			name = FSPageControllerTests;
			productName = FSPageControllerTests;
			productReference = D75932FE200DE14F006FEF9C /* FSPageControllerTests.xctest */;
			productType = "com.apple.product-type.bundle.unit-test";
		};
		D759DA631FFCB22E00476E28 /* FSPageControllerExample */ = {
			isa = PBXNativeTarget;
			buildConfigurationList = D759DA901FFCB22E00476E28 /* Build configuration list for PBXNativeTarget "FSPageControllerExample" */;
			buildPhases = (
				D759DA601FFCB22E00476E28 /* Sources */,
				D759DA611FFCB22E00476E28 /* Frameworks */,
				D759DA621FFCB22E00476E28 /* Resources */,
				D7593312200DE14F006FEF9C /* Embed Frameworks */,
			);
			buildRules = (
			);
			dependencies = (
				D759330A200DE14F006FEF9C /* PBXTargetDependency */,
			);
			name = FSPageControllerExample;
			productName = FSPageControllerExample;
			productReference = D759DA641FFCB22E00476E28 /* FSPageControllerExample.app */;
			productType = "com.apple.product-type.application";
		};
		D759DA7B1FFCB22E00476E28 /* FSPageControllerExampleTests */ = {
			isa = PBXNativeTarget;
			buildConfigurationList = D759DA931FFCB22E00476E28 /* Build configuration list for PBXNativeTarget "FSPageControllerExampleTests" */;
			buildPhases = (
				D759DA781FFCB22E00476E28 /* Sources */,
				D759DA791FFCB22E00476E28 /* Frameworks */,
				D759DA7A1FFCB22E00476E28 /* Resources */,
			);
			buildRules = (
			);
			dependencies = (
				D759DA7E1FFCB22E00476E28 /* PBXTargetDependency */,
			);
			name = FSPageControllerExampleTests;
			productName = FSPageControllerExampleTests;
			productReference = D759DA7C1FFCB22E00476E28 /* FSPageControllerExampleTests.xctest */;
			productType = "com.apple.product-type.bundle.unit-test";
		};
		D759DA861FFCB22E00476E28 /* FSPageControllerExampleUITests */ = {
			isa = PBXNativeTarget;
			buildConfigurationList = D759DA961FFCB22E00476E28 /* Build configuration list for PBXNativeTarget "FSPageControllerExampleUITests" */;
			buildPhases = (
				D759DA831FFCB22E00476E28 /* Sources */,
				D759DA841FFCB22E00476E28 /* Frameworks */,
				D759DA851FFCB22E00476E28 /* Resources */,
			);
			buildRules = (
			);
			dependencies = (
				D759DA891FFCB22E00476E28 /* PBXTargetDependency */,
			);
			name = FSPageControllerExampleUITests;
			productName = FSPageControllerExampleUITests;
			productReference = D759DA871FFCB22E00476E28 /* FSPageControllerExampleUITests.xctest */;
			productType = "com.apple.product-type.bundle.ui-testing";
		};
/* End PBXNativeTarget section */

/* Begin PBXProject section */
		D759DA5C1FFCB22D00476E28 /* Project object */ = {
			isa = PBXProject;
			attributes = {
				LastUpgradeCheck = 0900;
				ORGANIZATIONNAME = vcyber;
				TargetAttributes = {
					D75932F5200DE14F006FEF9C = {
						CreatedOnToolsVersion = 9.0;
						ProvisioningStyle = Manual;
					};
					D75932FD200DE14F006FEF9C = {
						CreatedOnToolsVersion = 9.0;
						ProvisioningStyle = Automatic;
						TestTargetID = D759DA631FFCB22E00476E28;
					};
					D759DA631FFCB22E00476E28 = {
						CreatedOnToolsVersion = 9.0;
						ProvisioningStyle = Manual;
					};
					D759DA7B1FFCB22E00476E28 = {
						CreatedOnToolsVersion = 9.0;
						ProvisioningStyle = Automatic;
						TestTargetID = D759DA631FFCB22E00476E28;
					};
					D759DA861FFCB22E00476E28 = {
						CreatedOnToolsVersion = 9.0;
						ProvisioningStyle = Automatic;
						TestTargetID = D759DA631FFCB22E00476E28;
					};
				};
			};
			buildConfigurationList = D759DA5F1FFCB22D00476E28 /* Build configuration list for PBXProject "FSPageControllerExample" */;
			compatibilityVersion = "Xcode 8.0";
			developmentRegion = en;
			hasScannedForEncodings = 0;
			knownRegions = (
				en,
				Base,
			);
			mainGroup = D759DA5B1FFCB22D00476E28;
			productRefGroup = D759DA651FFCB22E00476E28 /* Products */;
			projectDirPath = "";
			projectRoot = "";
			targets = (
				D759DA631FFCB22E00476E28 /* FSPageControllerExample */,
				D759DA7B1FFCB22E00476E28 /* FSPageControllerExampleTests */,
				D759DA861FFCB22E00476E28 /* FSPageControllerExampleUITests */,
				D75932F5200DE14F006FEF9C /* FSPageController */,
				D75932FD200DE14F006FEF9C /* FSPageControllerTests */,
			);
		};
/* End PBXProject section */

/* Begin PBXResourcesBuildPhase section */
		D75932F4200DE14F006FEF9C /* Resources */ = {
			isa = PBXResourcesBuildPhase;
			buildActionMask = 2147483647;
			files = (
			);
			runOnlyForDeploymentPostprocessing = 0;
		};
		D75932FC200DE14F006FEF9C /* Resources */ = {
			isa = PBXResourcesBuildPhase;
			buildActionMask = 2147483647;
			files = (
			);
			runOnlyForDeploymentPostprocessing = 0;
		};
		D759DA621FFCB22E00476E28 /* Resources */ = {
			isa = PBXResourcesBuildPhase;
			buildActionMask = 2147483647;
			files = (
				D759DA741FFCB22E00476E28 /* LaunchScreen.storyboard in Resources */,
				D75ACA952006144600BFB81D /* EmoticonQQ.bundle in Resources */,
				D759DA711FFCB22E00476E28 /* Assets.xcassets in Resources */,
				D759DA6F1FFCB22E00476E28 /* Main.storyboard in Resources */,
			);
			runOnlyForDeploymentPostprocessing = 0;
		};
		D759DA7A1FFCB22E00476E28 /* Resources */ = {
			isa = PBXResourcesBuildPhase;
			buildActionMask = 2147483647;
			files = (
			);
			runOnlyForDeploymentPostprocessing = 0;
		};
		D759DA851FFCB22E00476E28 /* Resources */ = {
			isa = PBXResourcesBuildPhase;
			buildActionMask = 2147483647;
			files = (
			);
			runOnlyForDeploymentPostprocessing = 0;
		};
/* End PBXResourcesBuildPhase section */

/* Begin PBXSourcesBuildPhase section */
		D75932F1200DE14F006FEF9C /* Sources */ = {
			isa = PBXSourcesBuildPhase;
			buildActionMask = 2147483647;
			files = (
			);
			runOnlyForDeploymentPostprocessing = 0;
		};
		D75932FA200DE14F006FEF9C /* Sources */ = {
			isa = PBXSourcesBuildPhase;
			buildActionMask = 2147483647;
			files = (
				D7593306200DE14F006FEF9C /* FSPageControllerTests.m in Sources */,
			);
			runOnlyForDeploymentPostprocessing = 0;
		};
		D759DA601FFCB22E00476E28 /* Sources */ = {
			isa = PBXSourcesBuildPhase;
			buildActionMask = 2147483647;
			files = (
				D76B89BF20087D7E0083F4F6 /* FSTitleContentView.m in Sources */,
				D759DAA51FFCCBE100476E28 /* FSPageViewController.m in Sources */,
				D72165B820049E1700E76DFF /* UIViewController+FSPageViewController.m in Sources */,
				D759DA9C1FFCB44200476E28 /* FSHeaderLabel.m in Sources */,
				D788757F1FFDF75A001E8430 /* TabViewController.m in Sources */,
				D73D5D5D200C72F50084B1F9 /* FSProgressView.m in Sources */,
				D759DA6C1FFCB22E00476E28 /* ViewController.m in Sources */,
				D78875821FFE0124001E8430 /* NormalViewController.m in Sources */,
				D759DA9F1FFCB67800476E28 /* UIView+FSFrame.m in Sources */,
				D75ACA93200613BE00BFB81D /* TableViewController.m in Sources */,
				D759DA771FFCB22E00476E28 /* main.m in Sources */,
				D759DA691FFCB22E00476E28 /* AppDelegate.m in Sources */,
				D75ACA902006102800BFB81D /* CollectionViewController.m in Sources */,
				D72165BB2004B25100E76DFF /* NewSubViewController.m in Sources */,
				D759DAAB1FFCDCFE00476E28 /* SubViewController.m in Sources */,
			);
			runOnlyForDeploymentPostprocessing = 0;
		};
		D759DA781FFCB22E00476E28 /* Sources */ = {
			isa = PBXSourcesBuildPhase;
			buildActionMask = 2147483647;
			files = (
				D759DA811FFCB22E00476E28 /* FSPageControllerExampleTests.m in Sources */,
			);
			runOnlyForDeploymentPostprocessing = 0;
		};
		D759DA831FFCB22E00476E28 /* Sources */ = {
			isa = PBXSourcesBuildPhase;
			buildActionMask = 2147483647;
			files = (
				D759DA8C1FFCB22E00476E28 /* FSPageControllerExampleUITests.m in Sources */,
			);
			runOnlyForDeploymentPostprocessing = 0;
		};
/* End PBXSourcesBuildPhase section */

/* Begin PBXTargetDependency section */
		D7593301200DE14F006FEF9C /* PBXTargetDependency */ = {
			isa = PBXTargetDependency;
			target = D75932F5200DE14F006FEF9C /* FSPageController */;
			targetProxy = D7593300200DE14F006FEF9C /* PBXContainerItemProxy */;
		};
		D7593303200DE14F006FEF9C /* PBXTargetDependency */ = {
			isa = PBXTargetDependency;
			target = D759DA631FFCB22E00476E28 /* FSPageControllerExample */;
			targetProxy = D7593302200DE14F006FEF9C /* PBXContainerItemProxy */;
		};
		D759330A200DE14F006FEF9C /* PBXTargetDependency */ = {
			isa = PBXTargetDependency;
			target = D75932F5200DE14F006FEF9C /* FSPageController */;
			targetProxy = D7593309200DE14F006FEF9C /* PBXContainerItemProxy */;
		};
		D759DA7E1FFCB22E00476E28 /* PBXTargetDependency */ = {
			isa = PBXTargetDependency;
			target = D759DA631FFCB22E00476E28 /* FSPageControllerExample */;
			targetProxy = D759DA7D1FFCB22E00476E28 /* PBXContainerItemProxy */;
		};
		D759DA891FFCB22E00476E28 /* PBXTargetDependency */ = {
			isa = PBXTargetDependency;
			target = D759DA631FFCB22E00476E28 /* FSPageControllerExample */;
			targetProxy = D759DA881FFCB22E00476E28 /* PBXContainerItemProxy */;
		};
/* End PBXTargetDependency section */

/* Begin PBXVariantGroup section */
		D759DA6D1FFCB22E00476E28 /* Main.storyboard */ = {
			isa = PBXVariantGroup;
			children = (
				D759DA6E1FFCB22E00476E28 /* Base */,
			);
			name = Main.storyboard;
			sourceTree = "<group>";
		};
		D759DA721FFCB22E00476E28 /* LaunchScreen.storyboard */ = {
			isa = PBXVariantGroup;
			children = (
				D759DA731FFCB22E00476E28 /* Base */,
			);
			name = LaunchScreen.storyboard;
			sourceTree = "<group>";
		};
/* End PBXVariantGroup section */

/* Begin XCBuildConfiguration section */
		D759330D200DE14F006FEF9C /* Debug */ = {
			isa = XCBuildConfiguration;
			buildSettings = {
				CODE_SIGN_IDENTITY = "";
				CODE_SIGN_STYLE = Manual;
				CURRENT_PROJECT_VERSION = 1;
				DEFINES_MODULE = YES;
				DEVELOPMENT_TEAM = "";
				DYLIB_COMPATIBILITY_VERSION = 1;
				DYLIB_CURRENT_VERSION = 1;
				DYLIB_INSTALL_NAME_BASE = "@rpath";
				INFOPLIST_FILE = FSPageController/Info.plist;
				INSTALL_PATH = "$(LOCAL_LIBRARY_DIR)/Frameworks";
				IPHONEOS_DEPLOYMENT_TARGET = 8.0;
				LD_RUNPATH_SEARCH_PATHS = "$(inherited) @executable_path/Frameworks @loader_path/Frameworks";
				PRODUCT_BUNDLE_IDENTIFIER = com.cyw.FSPageController;
				PRODUCT_NAME = "$(TARGET_NAME:c99extidentifier)";
				PROVISIONING_PROFILE_SPECIFIER = "";
				SKIP_INSTALL = YES;
				TARGETED_DEVICE_FAMILY = "1,2";
				VERSIONING_SYSTEM = "apple-generic";
				VERSION_INFO_PREFIX = "";
			};
			name = Debug;
		};
		D759330E200DE14F006FEF9C /* Release */ = {
			isa = XCBuildConfiguration;
			buildSettings = {
				CODE_SIGN_IDENTITY = "";
				CODE_SIGN_STYLE = Manual;
				CURRENT_PROJECT_VERSION = 1;
				DEFINES_MODULE = YES;
				DEVELOPMENT_TEAM = "";
				DYLIB_COMPATIBILITY_VERSION = 1;
				DYLIB_CURRENT_VERSION = 1;
				DYLIB_INSTALL_NAME_BASE = "@rpath";
				INFOPLIST_FILE = FSPageController/Info.plist;
				INSTALL_PATH = "$(LOCAL_LIBRARY_DIR)/Frameworks";
				IPHONEOS_DEPLOYMENT_TARGET = 8.0;
				LD_RUNPATH_SEARCH_PATHS = "$(inherited) @executable_path/Frameworks @loader_path/Frameworks";
				PRODUCT_BUNDLE_IDENTIFIER = com.cyw.FSPageController;
				PRODUCT_NAME = "$(TARGET_NAME:c99extidentifier)";
				PROVISIONING_PROFILE_SPECIFIER = "";
				SKIP_INSTALL = YES;
				TARGETED_DEVICE_FAMILY = "1,2";
				VERSIONING_SYSTEM = "apple-generic";
				VERSION_INFO_PREFIX = "";
			};
			name = Release;
		};
		D759330F200DE14F006FEF9C /* Debug */ = {
			isa = XCBuildConfiguration;
			buildSettings = {
				CODE_SIGN_STYLE = Automatic;
				INFOPLIST_FILE = FSPageControllerTests/Info.plist;
				LD_RUNPATH_SEARCH_PATHS = "$(inherited) @executable_path/Frameworks @loader_path/Frameworks";
				PRODUCT_BUNDLE_IDENTIFIER = com.cyw.FSPageControllerTests;
				PRODUCT_NAME = "$(TARGET_NAME)";
				TARGETED_DEVICE_FAMILY = "1,2";
				TEST_HOST = "$(BUILT_PRODUCTS_DIR)/FSPageControllerExample.app/FSPageControllerExample";
			};
			name = Debug;
		};
		D7593310200DE14F006FEF9C /* Release */ = {
			isa = XCBuildConfiguration;
			buildSettings = {
				CODE_SIGN_STYLE = Automatic;
				INFOPLIST_FILE = FSPageControllerTests/Info.plist;
				LD_RUNPATH_SEARCH_PATHS = "$(inherited) @executable_path/Frameworks @loader_path/Frameworks";
				PRODUCT_BUNDLE_IDENTIFIER = com.cyw.FSPageControllerTests;
				PRODUCT_NAME = "$(TARGET_NAME)";
				TARGETED_DEVICE_FAMILY = "1,2";
				TEST_HOST = "$(BUILT_PRODUCTS_DIR)/FSPageControllerExample.app/FSPageControllerExample";
			};
			name = Release;
		};
		D759DA8E1FFCB22E00476E28 /* Debug */ = {
			isa = XCBuildConfiguration;
			buildSettings = {
				ALWAYS_SEARCH_USER_PATHS = NO;
				CLANG_ANALYZER_NONNULL = YES;
				CLANG_ANALYZER_NUMBER_OBJECT_CONVERSION = YES_AGGRESSIVE;
				CLANG_CXX_LANGUAGE_STANDARD = "gnu++14";
				CLANG_CXX_LIBRARY = "libc++";
				CLANG_ENABLE_MODULES = YES;
				CLANG_ENABLE_OBJC_ARC = YES;
				CLANG_WARN_BLOCK_CAPTURE_AUTORELEASING = YES;
				CLANG_WARN_BOOL_CONVERSION = YES;
				CLANG_WARN_COMMA = YES;
				CLANG_WARN_CONSTANT_CONVERSION = YES;
				CLANG_WARN_DIRECT_OBJC_ISA_USAGE = YES_ERROR;
				CLANG_WARN_DOCUMENTATION_COMMENTS = YES;
				CLANG_WARN_EMPTY_BODY = YES;
				CLANG_WARN_ENUM_CONVERSION = YES;
				CLANG_WARN_INFINITE_RECURSION = YES;
				CLANG_WARN_INT_CONVERSION = YES;
				CLANG_WARN_NON_LITERAL_NULL_CONVERSION = YES;
				CLANG_WARN_OBJC_LITERAL_CONVERSION = YES;
				CLANG_WARN_OBJC_ROOT_CLASS = YES_ERROR;
				CLANG_WARN_RANGE_LOOP_ANALYSIS = YES;
				CLANG_WARN_STRICT_PROTOTYPES = YES;
				CLANG_WARN_SUSPICIOUS_MOVE = YES;
				CLANG_WARN_UNGUARDED_AVAILABILITY = YES_AGGRESSIVE;
				CLANG_WARN_UNREACHABLE_CODE = YES;
				CLANG_WARN__DUPLICATE_METHOD_MATCH = YES;
				CODE_SIGN_IDENTITY = "iPhone Developer";
				COPY_PHASE_STRIP = NO;
				DEBUG_INFORMATION_FORMAT = dwarf;
				ENABLE_STRICT_OBJC_MSGSEND = YES;
				ENABLE_TESTABILITY = YES;
				GCC_C_LANGUAGE_STANDARD = gnu11;
				GCC_DYNAMIC_NO_PIC = NO;
				GCC_NO_COMMON_BLOCKS = YES;
				GCC_OPTIMIZATION_LEVEL = 0;
				GCC_PREPROCESSOR_DEFINITIONS = (
					"DEBUG=1",
					"$(inherited)",
				);
				GCC_WARN_64_TO_32_BIT_CONVERSION = YES;
				GCC_WARN_ABOUT_RETURN_TYPE = YES_ERROR;
				GCC_WARN_UNDECLARED_SELECTOR = YES;
				GCC_WARN_UNINITIALIZED_AUTOS = YES_AGGRESSIVE;
				GCC_WARN_UNUSED_FUNCTION = YES;
				GCC_WARN_UNUSED_VARIABLE = YES;
				IPHONEOS_DEPLOYMENT_TARGET = 11.0;
				MTL_ENABLE_DEBUG_INFO = YES;
				ONLY_ACTIVE_ARCH = YES;
				SDKROOT = iphoneos;
			};
			name = Debug;
		};
		D759DA8F1FFCB22E00476E28 /* Release */ = {
			isa = XCBuildConfiguration;
			buildSettings = {
				ALWAYS_SEARCH_USER_PATHS = NO;
				CLANG_ANALYZER_NONNULL = YES;
				CLANG_ANALYZER_NUMBER_OBJECT_CONVERSION = YES_AGGRESSIVE;
				CLANG_CXX_LANGUAGE_STANDARD = "gnu++14";
				CLANG_CXX_LIBRARY = "libc++";
				CLANG_ENABLE_MODULES = YES;
				CLANG_ENABLE_OBJC_ARC = YES;
				CLANG_WARN_BLOCK_CAPTURE_AUTORELEASING = YES;
				CLANG_WARN_BOOL_CONVERSION = YES;
				CLANG_WARN_COMMA = YES;
				CLANG_WARN_CONSTANT_CONVERSION = YES;
				CLANG_WARN_DIRECT_OBJC_ISA_USAGE = YES_ERROR;
				CLANG_WARN_DOCUMENTATION_COMMENTS = YES;
				CLANG_WARN_EMPTY_BODY = YES;
				CLANG_WARN_ENUM_CONVERSION = YES;
				CLANG_WARN_INFINITE_RECURSION = YES;
				CLANG_WARN_INT_CONVERSION = YES;
				CLANG_WARN_NON_LITERAL_NULL_CONVERSION = YES;
				CLANG_WARN_OBJC_LITERAL_CONVERSION = YES;
				CLANG_WARN_OBJC_ROOT_CLASS = YES_ERROR;
				CLANG_WARN_RANGE_LOOP_ANALYSIS = YES;
				CLANG_WARN_STRICT_PROTOTYPES = YES;
				CLANG_WARN_SUSPICIOUS_MOVE = YES;
				CLANG_WARN_UNGUARDED_AVAILABILITY = YES_AGGRESSIVE;
				CLANG_WARN_UNREACHABLE_CODE = YES;
				CLANG_WARN__DUPLICATE_METHOD_MATCH = YES;
				CODE_SIGN_IDENTITY = "iPhone Developer";
				COPY_PHASE_STRIP = NO;
				DEBUG_INFORMATION_FORMAT = "dwarf-with-dsym";
				ENABLE_NS_ASSERTIONS = NO;
				ENABLE_STRICT_OBJC_MSGSEND = YES;
				GCC_C_LANGUAGE_STANDARD = gnu11;
				GCC_NO_COMMON_BLOCKS = YES;
				GCC_WARN_64_TO_32_BIT_CONVERSION = YES;
				GCC_WARN_ABOUT_RETURN_TYPE = YES_ERROR;
				GCC_WARN_UNDECLARED_SELECTOR = YES;
				GCC_WARN_UNINITIALIZED_AUTOS = YES_AGGRESSIVE;
				GCC_WARN_UNUSED_FUNCTION = YES;
				GCC_WARN_UNUSED_VARIABLE = YES;
				IPHONEOS_DEPLOYMENT_TARGET = 11.0;
				MTL_ENABLE_DEBUG_INFO = NO;
				SDKROOT = iphoneos;
				VALIDATE_PRODUCT = YES;
			};
			name = Release;
		};
		D759DA911FFCB22E00476E28 /* Debug */ = {
			isa = XCBuildConfiguration;
			buildSettings = {
				ASSETCATALOG_COMPILER_APPICON_NAME = AppIcon;
				CODE_SIGN_STYLE = Manual;
				DEVELOPMENT_TEAM = M974WD5VWM;
				INFOPLIST_FILE = FSPageControllerExample/Info.plist;
				IPHONEOS_DEPLOYMENT_TARGET = 8.0;
				LD_RUNPATH_SEARCH_PATHS = "$(inherited) @executable_path/Frameworks";
				PRODUCT_BUNDLE_IDENTIFIER = com.cyw.FSPageControllerExample;
				PRODUCT_NAME = "$(TARGET_NAME)";
				PROVISIONING_PROFILE = "f8a0955d-bb6e-423d-8855-3b5a13f35ed4";
				PROVISIONING_PROFILE_SPECIFIER = CYW_ALL_APP_Development;
				TARGETED_DEVICE_FAMILY = "1,2";
			};
			name = Debug;
		};
		D759DA921FFCB22E00476E28 /* Release */ = {
			isa = XCBuildConfiguration;
			buildSettings = {
				ASSETCATALOG_COMPILER_APPICON_NAME = AppIcon;
				CODE_SIGN_STYLE = Manual;
				DEVELOPMENT_TEAM = "";
				INFOPLIST_FILE = FSPageControllerExample/Info.plist;
				IPHONEOS_DEPLOYMENT_TARGET = 8.0;
				LD_RUNPATH_SEARCH_PATHS = "$(inherited) @executable_path/Frameworks";
				PRODUCT_BUNDLE_IDENTIFIER = com.cyw.FSPageControllerExample;
				PRODUCT_NAME = "$(TARGET_NAME)";
				PROVISIONING_PROFILE_SPECIFIER = "";
				TARGETED_DEVICE_FAMILY = "1,2";
			};
			name = Release;
		};
		D759DA941FFCB22E00476E28 /* Debug */ = {
			isa = XCBuildConfiguration;
			buildSettings = {
				BUNDLE_LOADER = "$(TEST_HOST)";
				CODE_SIGN_STYLE = Automatic;
				INFOPLIST_FILE = FSPageControllerExampleTests/Info.plist;
				LD_RUNPATH_SEARCH_PATHS = "$(inherited) @executable_path/Frameworks @loader_path/Frameworks";
				PRODUCT_BUNDLE_IDENTIFIER = com.cyw.FSPageControllerExampleTests;
				PRODUCT_NAME = "$(TARGET_NAME)";
				TARGETED_DEVICE_FAMILY = "1,2";
				TEST_HOST = "$(BUILT_PRODUCTS_DIR)/FSPageControllerExample.app/FSPageControllerExample";
			};
			name = Debug;
		};
		D759DA951FFCB22E00476E28 /* Release */ = {
			isa = XCBuildConfiguration;
			buildSettings = {
				BUNDLE_LOADER = "$(TEST_HOST)";
				CODE_SIGN_STYLE = Automatic;
				INFOPLIST_FILE = FSPageControllerExampleTests/Info.plist;
				LD_RUNPATH_SEARCH_PATHS = "$(inherited) @executable_path/Frameworks @loader_path/Frameworks";
				PRODUCT_BUNDLE_IDENTIFIER = com.cyw.FSPageControllerExampleTests;
				PRODUCT_NAME = "$(TARGET_NAME)";
				TARGETED_DEVICE_FAMILY = "1,2";
				TEST_HOST = "$(BUILT_PRODUCTS_DIR)/FSPageControllerExample.app/FSPageControllerExample";
			};
			name = Release;
		};
		D759DA971FFCB22E00476E28 /* Debug */ = {
			isa = XCBuildConfiguration;
			buildSettings = {
				CODE_SIGN_STYLE = Automatic;
				INFOPLIST_FILE = FSPageControllerExampleUITests/Info.plist;
				LD_RUNPATH_SEARCH_PATHS = "$(inherited) @executable_path/Frameworks @loader_path/Frameworks";
				PRODUCT_BUNDLE_IDENTIFIER = com.cyw.FSPageControllerExampleUITests;
				PRODUCT_NAME = "$(TARGET_NAME)";
				TARGETED_DEVICE_FAMILY = "1,2";
				TEST_TARGET_NAME = FSPageControllerExample;
			};
			name = Debug;
		};
		D759DA981FFCB22E00476E28 /* Release */ = {
			isa = XCBuildConfiguration;
			buildSettings = {
				CODE_SIGN_STYLE = Automatic;
				INFOPLIST_FILE = FSPageControllerExampleUITests/Info.plist;
				LD_RUNPATH_SEARCH_PATHS = "$(inherited) @executable_path/Frameworks @loader_path/Frameworks";
				PRODUCT_BUNDLE_IDENTIFIER = com.cyw.FSPageControllerExampleUITests;
				PRODUCT_NAME = "$(TARGET_NAME)";
				TARGETED_DEVICE_FAMILY = "1,2";
				TEST_TARGET_NAME = FSPageControllerExample;
			};
			name = Release;
		};
/* End XCBuildConfiguration section */

/* Begin XCConfigurationList section */
		D7593311200DE14F006FEF9C /* Build configuration list for PBXNativeTarget "FSPageController" */ = {
			isa = XCConfigurationList;
			buildConfigurations = (
				D759330D200DE14F006FEF9C /* Debug */,
				D759330E200DE14F006FEF9C /* Release */,
			);
			defaultConfigurationIsVisible = 0;
			defaultConfigurationName = Release;
		};
		D7593313200DE14F006FEF9C /* Build configuration list for PBXNativeTarget "FSPageControllerTests" */ = {
			isa = XCConfigurationList;
			buildConfigurations = (
				D759330F200DE14F006FEF9C /* Debug */,
				D7593310200DE14F006FEF9C /* Release */,
			);
			defaultConfigurationIsVisible = 0;
			defaultConfigurationName = Release;
		};
		D759DA5F1FFCB22D00476E28 /* Build configuration list for PBXProject "FSPageControllerExample" */ = {
			isa = XCConfigurationList;
			buildConfigurations = (
				D759DA8E1FFCB22E00476E28 /* Debug */,
				D759DA8F1FFCB22E00476E28 /* Release */,
			);
			defaultConfigurationIsVisible = 0;
			defaultConfigurationName = Release;
		};
		D759DA901FFCB22E00476E28 /* Build configuration list for PBXNativeTarget "FSPageControllerExample" */ = {
			isa = XCConfigurationList;
			buildConfigurations = (
				D759DA911FFCB22E00476E28 /* Debug */,
				D759DA921FFCB22E00476E28 /* Release */,
			);
			defaultConfigurationIsVisible = 0;
			defaultConfigurationName = Release;
		};
		D759DA931FFCB22E00476E28 /* Build configuration list for PBXNativeTarget "FSPageControllerExampleTests" */ = {
			isa = XCConfigurationList;
			buildConfigurations = (
				D759DA941FFCB22E00476E28 /* Debug */,
				D759DA951FFCB22E00476E28 /* Release */,
			);
			defaultConfigurationIsVisible = 0;
			defaultConfigurationName = Release;
		};
		D759DA961FFCB22E00476E28 /* Build configuration list for PBXNativeTarget "FSPageControllerExampleUITests" */ = {
			isa = XCConfigurationList;
			buildConfigurations = (
				D759DA971FFCB22E00476E28 /* Debug */,
				D759DA981FFCB22E00476E28 /* Release */,
			);
			defaultConfigurationIsVisible = 0;
			defaultConfigurationName = Release;
		};
/* End XCConfigurationList section */
	};
	rootObject = D759DA5C1FFCB22D00476E28 /* Project object */;
}
